
Microsoft Visual Studio Solution File, Format Version 12.00
# Visual Studio Version 16
VisualStudioVersion = 16.0.32228.343
MinimumVisualStudioVersion = 10.0.40219.1
Project("{FAE04EC0-301F-11D3-BF4B-00C04F79EFBC}") = "CSharp_Q7", "CSharp_Q7.csproj", "{1DE7CCEB-BBAB-4327-8902-0927D4B5CBE2}"
EndProject
Global
	GlobalSection(SolutionConfigurationPlatforms) = preSolution
		Debug|Any CPU = Debug|Any CPU
		Release|Any CPU = Release|Any CPU
	EndGlobalSection
	GlobalSection(ProjectConfigurationPlatforms) = postSolution
		{1DE7CCEB-BBAB-4327-8902-0927D4B5CBE2}.Debug|Any CPU.ActiveCfg = Debug|Any CPU
		{1DE7CCEB-BBAB-4327-8902-0927D4B5CBE2}.Debug|Any CPU.Build.0 = Debug|Any CPU
		{1DE7CCEB-BBAB-4327-8902-0927D4B5CBE2}.Release|Any CPU.ActiveCfg = Release|Any CPU
		{1DE7CCEB-BBAB-4327-8902-0927D4B5CBE2}.Release|Any CPU.Build.0 = Release|Any CPU
	EndGlobalSection
	GlobalSection(SolutionProperties) = preSolution
		HideSolutionNode = FALSE
	EndGlobalSection
	GlobalSection(ExtensibilityGlobals) = postSolution
		SolutionGuid = {FA072BA5-0041-4472-A47C-2D5C033DFCBD}
	EndGlobalSection
EndGlobal
