
Microsoft Visual Studio Solution File, Format Version 12.00
# Visual Studio Version 16
VisualStudioVersion = 16.0.32228.343
MinimumVisualStudioVersion = 10.0.40219.1
Project("{FAE04EC0-301F-11D3-BF4B-00C04F79EFBC}") = "CSharp_Q2", "CSharp_Q2.csproj", "{BF2ED44D-F595-4D73-B48A-804671A9CCD3}"
EndProject
Global
	GlobalSection(SolutionConfigurationPlatforms) = preSolution
		Debug|Any CPU = Debug|Any CPU
		Release|Any CPU = Release|Any CPU
	EndGlobalSection
	GlobalSection(ProjectConfigurationPlatforms) = postSolution
		{BF2ED44D-F595-4D73-B48A-804671A9CCD3}.Debug|Any CPU.ActiveCfg = Debug|Any CPU
		{BF2ED44D-F595-4D73-B48A-804671A9CCD3}.Debug|Any CPU.Build.0 = Debug|Any CPU
		{BF2ED44D-F595-4D73-B48A-804671A9CCD3}.Release|Any CPU.ActiveCfg = Release|Any CPU
		{BF2ED44D-F595-4D73-B48A-804671A9CCD3}.Release|Any CPU.Build.0 = Release|Any CPU
	EndGlobalSection
	GlobalSection(SolutionProperties) = preSolution
		HideSolutionNode = FALSE
	EndGlobalSection
	GlobalSection(ExtensibilityGlobals) = postSolution
		SolutionGuid = {5C5DE1DC-287D-4424-B61A-A25E01C38DCF}
	EndGlobalSection
EndGlobal
