
Microsoft Visual Studio Solution File, Format Version 12.00
# Visual Studio Version 16
VisualStudioVersion = 16.0.32228.343
MinimumVisualStudioVersion = 10.0.40219.1
Project("{FAE04EC0-301F-11D3-BF4B-00C04F79EFBC}") = "CSharp_Exercise2", "CSharp_Exercise2.csproj", "{18C8F0AE-D276-46B0-95A7-168FC531332A}"
EndProject
Global
	GlobalSection(SolutionConfigurationPlatforms) = preSolution
		Debug|Any CPU = Debug|Any CPU
		Release|Any CPU = Release|Any CPU
	EndGlobalSection
	GlobalSection(ProjectConfigurationPlatforms) = postSolution
		{18C8F0AE-D276-46B0-95A7-168FC531332A}.Debug|Any CPU.ActiveCfg = Debug|Any CPU
		{18C8F0AE-D276-46B0-95A7-168FC531332A}.Debug|Any CPU.Build.0 = Debug|Any CPU
		{18C8F0AE-D276-46B0-95A7-168FC531332A}.Release|Any CPU.ActiveCfg = Release|Any CPU
		{18C8F0AE-D276-46B0-95A7-168FC531332A}.Release|Any CPU.Build.0 = Release|Any CPU
	EndGlobalSection
	GlobalSection(SolutionProperties) = preSolution
		HideSolutionNode = FALSE
	EndGlobalSection
	GlobalSection(ExtensibilityGlobals) = postSolution
		SolutionGuid = {B19FDFE3-30FF-44F6-8DA8-751D5A7F3DBC}
	EndGlobalSection
EndGlobal
